# This file is automatically @generated by Cargo.
# It is not intended for manual editing.
version = 4

[[package]]
name = "error"
version = "0.1.9"
source = "registry+https://github.com/rust-lang/crates.io-index"
checksum = "a6e606f14042bb87cc02ef6a14db6c90ab92ed6f62d87e69377bc759fd7987cc"
dependencies = [
 "traitobject",
 "typeable",
]

[[package]]
name = "traitobject"
version = "0.1.1"
source = "registry+https://github.com/rust-lang/crates.io-index"
checksum = "04a79e25382e2e852e8da874249358d382ebaf259d0d34e75d8db16a7efabbc7"

[[package]]
name = "typeable"
version = "0.1.2"
source = "registry+https://github.com/rust-lang/crates.io-index"
checksum = "1410f6f91f21d1612654e7cc69193b0334f909dcf2c790c4826254fbb86f8887"

[[package]]
name = "untitled"
version = "0.1.0"
dependencies = [
 "error",
]
